
Microsoft Visual Studio Solution File, Format Version 12.00
# Visual Studio 15
VisualStudioVersion = 15.0.27130.2027
MinimumVisualStudioVersion = 10.0.40219.1
Project("{FAE04EC0-301F-11D3-BF4B-00C04F79EFBC}") = "YapartStore.DL", "YapartStore.DL\YapartStore.DL.csproj", "{BEC8ABA7-D9A4-448F-A2DE-81D1F9F7E209}"
EndProject
Project("{FAE04EC0-301F-11D3-BF4B-00C04F79EFBC}") = "YapartStore.DAL", "YapartStore.DAL\YapartStore.DAL.csproj", "{3F1BC032-BCAA-48A9-9713-6F8246DD5C84}"
EndProject
Project("{FAE04EC0-301F-11D3-BF4B-00C04F79EFBC}") = "YapartStore.API", "YapartStore.API\YapartStore.API.csproj", "{6161EB34-E3BF-4934-AD92-12D55C34CEF0}"
	ProjectSection(ProjectDependencies) = postProject
		{B0D29D7A-37D6-41CD-A376-91CA7D901231} = {B0D29D7A-37D6-41CD-A376-91CA7D901231}
	EndProjectSection
EndProject
Project("{FAE04EC0-301F-11D3-BF4B-00C04F79EFBC}") = "YapartStore.BL", "YapartStore.BL\YapartStore.BL.csproj", "{B0D29D7A-37D6-41CD-A376-91CA7D901231}"
	ProjectSection(ProjectDependencies) = postProject
		{3F1BC032-BCAA-48A9-9713-6F8246DD5C84} = {3F1BC032-BCAA-48A9-9713-6F8246DD5C84}
		{BEC8ABA7-D9A4-448F-A2DE-81D1F9F7E209} = {BEC8ABA7-D9A4-448F-A2DE-81D1F9F7E209}
	EndProjectSection
EndProject
Project("{FAE04EC0-301F-11D3-BF4B-00C04F79EFBC}") = "YapartStore.UI", "YapartStore.UI\YapartStore.UI.csproj", "{4CBE555D-21A6-4DE6-A798-12200429FCE8}"
EndProject
Project("{FAE04EC0-301F-11D3-BF4B-00C04F79EFBC}") = "YapartStore.Tests", "YapartStore.Tests\YapartStore.Tests.csproj", "{382FCDC6-D8B3-464C-8C64-9E954AB00015}"
	ProjectSection(ProjectDependencies) = postProject
		{3F1BC032-BCAA-48A9-9713-6F8246DD5C84} = {3F1BC032-BCAA-48A9-9713-6F8246DD5C84}
		{6161EB34-E3BF-4934-AD92-12D55C34CEF0} = {6161EB34-E3BF-4934-AD92-12D55C34CEF0}
		{4CBE555D-21A6-4DE6-A798-12200429FCE8} = {4CBE555D-21A6-4DE6-A798-12200429FCE8}
		{B0D29D7A-37D6-41CD-A376-91CA7D901231} = {B0D29D7A-37D6-41CD-A376-91CA7D901231}
		{BEC8ABA7-D9A4-448F-A2DE-81D1F9F7E209} = {BEC8ABA7-D9A4-448F-A2DE-81D1F9F7E209}
	EndProjectSection
EndProject
Global
	GlobalSection(SolutionConfigurationPlatforms) = preSolution
		Debug|Any CPU = Debug|Any CPU
		Release|Any CPU = Release|Any CPU
	EndGlobalSection
	GlobalSection(ProjectConfigurationPlatforms) = postSolution
		{BEC8ABA7-D9A4-448F-A2DE-81D1F9F7E209}.Debug|Any CPU.ActiveCfg = Debug|Any CPU
		{BEC8ABA7-D9A4-448F-A2DE-81D1F9F7E209}.Debug|Any CPU.Build.0 = Debug|Any CPU
		{BEC8ABA7-D9A4-448F-A2DE-81D1F9F7E209}.Release|Any CPU.ActiveCfg = Release|Any CPU
		{BEC8ABA7-D9A4-448F-A2DE-81D1F9F7E209}.Release|Any CPU.Build.0 = Release|Any CPU
		{3F1BC032-BCAA-48A9-9713-6F8246DD5C84}.Debug|Any CPU.ActiveCfg = Debug|Any CPU
		{3F1BC032-BCAA-48A9-9713-6F8246DD5C84}.Debug|Any CPU.Build.0 = Debug|Any CPU
		{3F1BC032-BCAA-48A9-9713-6F8246DD5C84}.Release|Any CPU.ActiveCfg = Release|Any CPU
		{3F1BC032-BCAA-48A9-9713-6F8246DD5C84}.Release|Any CPU.Build.0 = Release|Any CPU
		{6161EB34-E3BF-4934-AD92-12D55C34CEF0}.Debug|Any CPU.ActiveCfg = Debug|Any CPU
		{6161EB34-E3BF-4934-AD92-12D55C34CEF0}.Debug|Any CPU.Build.0 = Debug|Any CPU
		{6161EB34-E3BF-4934-AD92-12D55C34CEF0}.Release|Any CPU.ActiveCfg = Release|Any CPU
		{6161EB34-E3BF-4934-AD92-12D55C34CEF0}.Release|Any CPU.Build.0 = Release|Any CPU
		{B0D29D7A-37D6-41CD-A376-91CA7D901231}.Debug|Any CPU.ActiveCfg = Debug|Any CPU
		{B0D29D7A-37D6-41CD-A376-91CA7D901231}.Debug|Any CPU.Build.0 = Debug|Any CPU
		{B0D29D7A-37D6-41CD-A376-91CA7D901231}.Release|Any CPU.ActiveCfg = Release|Any CPU
		{B0D29D7A-37D6-41CD-A376-91CA7D901231}.Release|Any CPU.Build.0 = Release|Any CPU
		{4CBE555D-21A6-4DE6-A798-12200429FCE8}.Debug|Any CPU.ActiveCfg = Debug|Any CPU
		{4CBE555D-21A6-4DE6-A798-12200429FCE8}.Debug|Any CPU.Build.0 = Debug|Any CPU
		{4CBE555D-21A6-4DE6-A798-12200429FCE8}.Release|Any CPU.ActiveCfg = Release|Any CPU
		{4CBE555D-21A6-4DE6-A798-12200429FCE8}.Release|Any CPU.Build.0 = Release|Any CPU
		{382FCDC6-D8B3-464C-8C64-9E954AB00015}.Debug|Any CPU.ActiveCfg = Debug|Any CPU
		{382FCDC6-D8B3-464C-8C64-9E954AB00015}.Debug|Any CPU.Build.0 = Debug|Any CPU
		{382FCDC6-D8B3-464C-8C64-9E954AB00015}.Release|Any CPU.ActiveCfg = Release|Any CPU
		{382FCDC6-D8B3-464C-8C64-9E954AB00015}.Release|Any CPU.Build.0 = Release|Any CPU
	EndGlobalSection
	GlobalSection(SolutionProperties) = preSolution
		HideSolutionNode = FALSE
	EndGlobalSection
	GlobalSection(ExtensibilityGlobals) = postSolution
		SolutionGuid = {FC0F36E3-7F77-4270-B4C2-17C9CD2CAABF}
	EndGlobalSection
EndGlobal
